
Microsoft Visual Studio Solution File, Format Version 12.00
# Visual Studio Version 16
VisualStudioVersion = 16.0.28809.33
MinimumVisualStudioVersion = 10.0.40219.1
Project("{888888A0-9F3D-457C-B088-3A5042F75D52}") = "DjangoTest", "DjangoTest.pyproj", "{C09C5C4E-5537-4F07-AE21-DC7F2770CCDE}"
EndProject
Global
	GlobalSection(SolutionConfigurationPlatforms) = preSolution
		Debug|Any CPU = Debug|Any CPU
		Release|Any CPU = Release|Any CPU
	EndGlobalSection
	GlobalSection(ProjectConfigurationPlatforms) = postSolution
		{C09C5C4E-5537-4F07-AE21-DC7F2770CCDE}.Debug|Any CPU.ActiveCfg = Debug|Any CPU
		{C09C5C4E-5537-4F07-AE21-DC7F2770CCDE}.Debug|Any CPU.Build.0 = Debug|Any CPU
		{C09C5C4E-5537-4F07-AE21-DC7F2770CCDE}.Release|Any CPU.ActiveCfg = Release|Any CPU
		{C09C5C4E-5537-4F07-AE21-DC7F2770CCDE}.Release|Any CPU.Build.0 = Release|Any CPU
	EndGlobalSection
	GlobalSection(SolutionProperties) = preSolution
		HideSolutionNode = FALSE
	EndGlobalSection
	GlobalSection(ExtensibilityGlobals) = postSolution
		SolutionGuid = {D087C6D9-20EB-4B2F-91B0-22F0844B2EBC}
	EndGlobalSection
EndGlobal
